
Microsoft Visual Studio Solution File, Format Version 12.00
# Visual Studio Version 17
VisualStudioVersion = 17.7.34031.279
MinimumVisualStudioVersion = 10.0.40219.1
Project("{8BC9CEB8-8B4A-11D0-8D11-00A0C91BC942}") = "PO_05_emilia_lupa", "PO_05_emilia_lupa\PO_05_emilia_lupa.vcxproj", "{CBD84A5C-B862-4A55-AFD4-9AE77F0D43BF}"
EndProject
Global
	GlobalSection(SolutionConfigurationPlatforms) = preSolution
		Debug|x64 = Debug|x64
		Debug|x86 = Debug|x86
		Release|x64 = Release|x64
		Release|x86 = Release|x86
	EndGlobalSection
	GlobalSection(ProjectConfigurationPlatforms) = postSolution
		{CBD84A5C-B862-4A55-AFD4-9AE77F0D43BF}.Debug|x64.ActiveCfg = Debug|x64
		{CBD84A5C-B862-4A55-AFD4-9AE77F0D43BF}.Debug|x64.Build.0 = Debug|x64
		{CBD84A5C-B862-4A55-AFD4-9AE77F0D43BF}.Debug|x86.ActiveCfg = Debug|Win32
		{CBD84A5C-B862-4A55-AFD4-9AE77F0D43BF}.Debug|x86.Build.0 = Debug|Win32
		{CBD84A5C-B862-4A55-AFD4-9AE77F0D43BF}.Release|x64.ActiveCfg = Release|x64
		{CBD84A5C-B862-4A55-AFD4-9AE77F0D43BF}.Release|x64.Build.0 = Release|x64
		{CBD84A5C-B862-4A55-AFD4-9AE77F0D43BF}.Release|x86.ActiveCfg = Release|Win32
		{CBD84A5C-B862-4A55-AFD4-9AE77F0D43BF}.Release|x86.Build.0 = Release|Win32
	EndGlobalSection
	GlobalSection(SolutionProperties) = preSolution
		HideSolutionNode = FALSE
	EndGlobalSection
	GlobalSection(ExtensibilityGlobals) = postSolution
		SolutionGuid = {9C02170C-6D48-4728-9839-2231D3EA9D5F}
	EndGlobalSection
EndGlobal
